<?xml version="1.0" encoding="UTF-8"?>
<Scheme
   LastUpgradeVersion = "1620"
   version = "1.7">
   <BuildAction
      parallelizeBuildables = "YES"
      buildImplicitDependencies = "YES"
      buildArchitectures = "Automatic">
      <BuildActionEntries>
         <BuildActionEntry
            buildForTesting = "YES"
            buildForRunning = "YES"
            buildForProfiling = "YES"
            buildForArchiving = "YES"
            buildForAnalyzing = "YES">
            <BuildableReference
               BuildableIdentifier = "primary"
               BlueprintIdentifier = "A87155202D9FC9EA005FA72A"
               BuildableName = "Matcha.app"
               BlueprintName = "matchanote-app"
               ReferencedContainer = "container:matchanote-app.xcodeproj">
            </BuildableReference>
         </BuildActionEntry>
      </BuildActionEntries>
   </BuildAction>
   <TestAction
      buildConfiguration = "Debug"
      selectedDebuggerIdentifier = "Xcode.DebuggerFoundation.Debugger.LLDB"
      selectedLauncherIdentifier = "Xcode.DebuggerFoundation.Launcher.LLDB"
      shouldUseLaunchSchemeArgsEnv = "YES"
      shouldAutocreateTestPlan = "YES">
      <Testables>
         <TestableReference
            skipped = "NO"
            parallelizable = "YES">
            <BuildableReference
               BuildableIdentifier = "primary"
               BlueprintIdentifier = "A87155302D9FC9EC005FA72A"
               BuildableName = "matchanote-appTests.xctest"
               BlueprintName = "matchanote-appTests"
               ReferencedContainer = "container:matchanote-app.xcodeproj">
            </BuildableReference>
         </TestableReference>
         <TestableReference
            skipped = "NO"
            parallelizable = "YES">
            <BuildableReference
               BuildableIdentifier = "primary"
               BlueprintIdentifier = "A871553A2D9FC9EC005FA72A"
               BuildableName = "matchanote-appUITests.xctest"
               BlueprintName = "matchanote-appUITests"
               ReferencedContainer = "container:matchanote-app.xcodeproj">
            </BuildableReference>
         </TestableReference>
      </Testables>
   </TestAction>
   <LaunchAction
      buildConfiguration = "Debug"
      selectedDebuggerIdentifier = "Xcode.DebuggerFoundation.Debugger.LLDB"
      selectedLauncherIdentifier = "Xcode.DebuggerFoundation.Launcher.LLDB"
      launchStyle = "0"
      useCustomWorkingDirectory = "NO"
      ignoresPersistentStateOnLaunch = "NO"
      debugDocumentVersioning = "YES"
      debugServiceExtension = "internal"
      allowLocationSimulation = "YES">
      <BuildableProductRunnable
         runnableDebuggingMode = "0">
         <BuildableReference
            BuildableIdentifier = "primary"
            BlueprintIdentifier = "A87155202D9FC9EA005FA72A"
            BuildableName = "Matcha.app"
            BlueprintName = "matchanote-app"
            ReferencedContainer = "container:matchanote-app.xcodeproj">
         </BuildableReference>
      </BuildableProductRunnable>
      <EnvironmentVariables>
         <EnvironmentVariable
            key = "OPENAI_API_KEY"
            value = "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"
            isEnabled = "YES">
         </EnvironmentVariable>
         <EnvironmentVariable
            key = "DEEPSEEK_API_KEY"
            value = "sk-b27c10234255412bbf3da94e9d23139b"
            isEnabled = "YES">
         </EnvironmentVariable>
         <EnvironmentVariable
            key = "CLAUDE_API_KEY"
            value = "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"
            isEnabled = "YES">
         </EnvironmentVariable>
         <EnvironmentVariable
            key = "GEMINI_API_KEY"
            value = "IzaSyCtSwEIIAa3CO6muNQLXghWAf27M0AwF4w"
            isEnabled = "YES">
         </EnvironmentVariable>
         <EnvironmentVariable
            key = "X_API_KEY"
            value = "xai-v4l7FluVROFlz0TtAMT9PB9lz50Hwu7QI90ijCDHLpX3DtpiREk05SIYdb4xEtHtoBKBxeRBCulYwJom"
            isEnabled = "YES">
         </EnvironmentVariable>
         <EnvironmentVariable
            key = "OPENROUTER_API_KEY"
            value = "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"
            isEnabled = "YES">
         </EnvironmentVariable>
         <EnvironmentVariable
            key = "PUBLIC_SUPABASE_URL"
            value = "https://fdjsbuardvbxkjxbyfep.supabase.co"
            isEnabled = "YES">
         </EnvironmentVariable>
         <EnvironmentVariable
            key = "PUBLIC_SUPABASE_ANON_KEY"
            value = "eyJhbGciOiJIUzI1NiIsInR5cCI6IkpXVCJ9.eyJpc3MiOiJzdXBhYmFzZSIsInJlZiI6ImZkanNidWFyZHZieGtqeGJ5ZmVwIiwicm9sZSI6ImFub24iLCJpYXQiOjE3NDM3NTQ2MTEsImV4cCI6MjA1OTMzMDYxMX0.FcnniryzGu7h-sTtAlVa8wGAethBpvYSGYAdYWHrt1U "
            isEnabled = "YES">
         </EnvironmentVariable>
      </EnvironmentVariables>
   </LaunchAction>
   <ProfileAction
      buildConfiguration = "Release"
      shouldUseLaunchSchemeArgsEnv = "YES"
      savedToolIdentifier = ""
      useCustomWorkingDirectory = "NO"
      debugDocumentVersioning = "YES">
      <BuildableProductRunnable
         runnableDebuggingMode = "0">
         <BuildableReference
            BuildableIdentifier = "primary"
            BlueprintIdentifier = "A87155202D9FC9EA005FA72A"
            BuildableName = "Matcha.app"
            BlueprintName = "matchanote-app"
            ReferencedContainer = "container:matchanote-app.xcodeproj">
         </BuildableReference>
      </BuildableProductRunnable>
   </ProfileAction>
   <AnalyzeAction
      buildConfiguration = "Debug">
   </AnalyzeAction>
   <ArchiveAction
      buildConfiguration = "Release"
      revealArchiveInOrganizer = "YES">
   </ArchiveAction>
</Scheme>
