// !$*UTF8*$!
{
	archiveVersion = 1;
	classes = {
	};
	objectVersion = 77;
	objects = {

/* Begin PBXBuildFile section */
		A82C619E2DA59F290091B96C /* Auth in Frameworks */ = {isa = PBXBuildFile; productRef = A82C619D2DA59F290091B96C /* Auth */; };
		A82C61A02DA59F290091B96C /* Functions in Frameworks */ = {isa = PBXBuildFile; productRef = A82C619F2DA59F290091B96C /* Functions */; };
		A82C61A22DA59F290091B96C /* PostgREST in Frameworks */ = {isa = PBXBuildFile; productRef = A82C61A12DA59F290091B96C /* PostgREST */; };
		A82C61A42DA59F290091B96C /* Realtime in Frameworks */ = {isa = PBXBuildFile; productRef = A82C61A32DA59F290091B96C /* Realtime */; };
		A82C61A62DA59F290091B96C /* Storage in Frameworks */ = {isa = PBXBuildFile; productRef = A82C61A52DA59F290091B96C /* Storage */; };
		A82C61A82DA59F290091B96C /* Supabase in Frameworks */ = {isa = PBXBuildFile; productRef = A82C61A72DA59F290091B96C /* Supabase */; };
		A87B81BE2EA7C9950078A023 /* UniformTypeIdentifiers.framework in Frameworks */ = {isa = PBXBuildFile; fileRef = A87B81BD2EA7C9950078A023 /* UniformTypeIdentifiers.framework */; };
		A87B81C92EA7C9950078A023 /* MatchanoteActionExtension.appex in Embed Foundation Extensions */ = {isa = PBXBuildFile; fileRef = A87B81BB2EA7C9950078A023 /* MatchanoteActionExtension.appex */; settings = {ATTRIBUTES = (RemoveHeadersOnCopy, ); }; };
		A87B81DD2EA7C9A30078A023 /* MatchanoteShareExtension.appex in Embed Foundation Extensions */ = {isa = PBXBuildFile; fileRef = A87B81D32EA7C9A30078A023 /* MatchanoteShareExtension.appex */; settings = {ATTRIBUTES = (RemoveHeadersOnCopy, ); }; };
/* End PBXBuildFile section */

/* Begin PBXContainerItemProxy section */
		A87155322D9FC9EC005FA72A /* PBXContainerItemProxy */ = {
			isa = PBXContainerItemProxy;
			containerPortal = A87155192D9FC9EA005FA72A /* Project object */;
			proxyType = 1;
			remoteGlobalIDString = A87155202D9FC9EA005FA72A;
			remoteInfo = "matchanote-app";
		};
		A871553C2D9FC9EC005FA72A /* PBXContainerItemProxy */ = {
			isa = PBXContainerItemProxy;
			containerPortal = A87155192D9FC9EA005FA72A /* Project object */;
			proxyType = 1;
			remoteGlobalIDString = A87155202D9FC9EA005FA72A;
			remoteInfo = "matchanote-app";
		};
		A87B81C72EA7C9950078A023 /* PBXContainerItemProxy */ = {
			isa = PBXContainerItemProxy;
			containerPortal = A87155192D9FC9EA005FA72A /* Project object */;
			proxyType = 1;
			remoteGlobalIDString = A87B81BA2EA7C9950078A023;
			remoteInfo = MatchanoteActionExtension;
		};
		A87B81DB2EA7C9A30078A023 /* PBXContainerItemProxy */ = {
			isa = PBXContainerItemProxy;
			containerPortal = A87155192D9FC9EA005FA72A /* Project object */;
			proxyType = 1;
			remoteGlobalIDString = A87B81D22EA7C9A30078A023;
			remoteInfo = MatchanoteShareExtension;
		};
/* End PBXContainerItemProxy section */

/* Begin PBXCopyFilesBuildPhase section */
		A87B81CA2EA7C9950078A023 /* Embed Foundation Extensions */ = {
			isa = PBXCopyFilesBuildPhase;
			buildActionMask = 2147483647;
			dstPath = "";
			dstSubfolderSpec = 13;
			files = (
				A87B81DD2EA7C9A30078A023 /* MatchanoteShareExtension.appex in Embed Foundation Extensions */,
				A87B81C92EA7C9950078A023 /* MatchanoteActionExtension.appex in Embed Foundation Extensions */,
			);
			name = "Embed Foundation Extensions";
			runOnlyForDeploymentPostprocessing = 0;
		};
/* End PBXCopyFilesBuildPhase section */

/* Begin PBXFileReference section */
		A87155212D9FC9EA005FA72A /* Matcha.app */ = {isa = PBXFileReference; explicitFileType = wrapper.application; includeInIndex = 0; path = Matcha.app; sourceTree = BUILT_PRODUCTS_DIR; };
		A87155312D9FC9EC005FA72A /* matchanote-appTests.xctest */ = {isa = PBXFileReference; explicitFileType = wrapper.cfbundle; includeInIndex = 0; path = "matchanote-appTests.xctest"; sourceTree = BUILT_PRODUCTS_DIR; };
		A871553B2D9FC9EC005FA72A /* matchanote-appUITests.xctest */ = {isa = PBXFileReference; explicitFileType = wrapper.cfbundle; includeInIndex = 0; path = "matchanote-appUITests.xctest"; sourceTree = BUILT_PRODUCTS_DIR; };
		A87B81BB2EA7C9950078A023 /* MatchanoteActionExtension.appex */ = {isa = PBXFileReference; explicitFileType = "wrapper.app-extension"; includeInIndex = 0; path = MatchanoteActionExtension.appex; sourceTree = BUILT_PRODUCTS_DIR; };
		A87B81BD2EA7C9950078A023 /* UniformTypeIdentifiers.framework */ = {isa = PBXFileReference; lastKnownFileType = wrapper.framework; name = UniformTypeIdentifiers.framework; path = System/Library/Frameworks/UniformTypeIdentifiers.framework; sourceTree = SDKROOT; };
		A87B81D32EA7C9A30078A023 /* MatchanoteShareExtension.appex */ = {isa = PBXFileReference; explicitFileType = "wrapper.app-extension"; includeInIndex = 0; path = MatchanoteShareExtension.appex; sourceTree = BUILT_PRODUCTS_DIR; };
/* End PBXFileReference section */

/* Begin PBXFileSystemSynchronizedBuildFileExceptionSet section */
		A8AB3C192DB228950009CBF5 /* Exceptions for "matchanote-app" folder in "matchanote-app" target */ = {
			isa = PBXFileSystemSynchronizedBuildFileExceptionSet;
			membershipExceptions = (
				Info.plist,
			);
			target = A87155202D9FC9EA005FA72A /* matchanote-app */;
		};
/* End PBXFileSystemSynchronizedBuildFileExceptionSet section */

/* Begin PBXFileSystemSynchronizedRootGroup section */
		A87155232D9FC9EA005FA72A /* matchanote-app */ = {
			isa = PBXFileSystemSynchronizedRootGroup;
			exceptions = (
				A8AB3C192DB228950009CBF5 /* Exceptions for "matchanote-app" folder in "matchanote-app" target */,
			);
			path = "matchanote-app";
			sourceTree = "<group>";
		};
		A87155342D9FC9EC005FA72A /* matchanote-appTests */ = {
			isa = PBXFileSystemSynchronizedRootGroup;
			path = "matchanote-appTests";
			sourceTree = "<group>";
		};
		A871553E2D9FC9EC005FA72A /* matchanote-appUITests */ = {
			isa = PBXFileSystemSynchronizedRootGroup;
			path = "matchanote-appUITests";
			sourceTree = "<group>";
		};
/* End PBXFileSystemSynchronizedRootGroup section */

/* Begin PBXFrameworksBuildPhase section */
		A871551E2D9FC9EA005FA72A /* Frameworks */ = {
			isa = PBXFrameworksBuildPhase;
			buildActionMask = 2147483647;
			files = (
				A82C61A82DA59F290091B96C /* Supabase in Frameworks */,
				A82C61A62DA59F290091B96C /* Storage in Frameworks */,
				A82C61A22DA59F290091B96C /* PostgREST in Frameworks */,
				A82C61A02DA59F290091B96C /* Functions in Frameworks */,
				A82C619E2DA59F290091B96C /* Auth in Frameworks */,
				A82C61A42DA59F290091B96C /* Realtime in Frameworks */,
			);
			runOnlyForDeploymentPostprocessing = 0;
		};
		A871552E2D9FC9EC005FA72A /* Frameworks */ = {
			isa = PBXFrameworksBuildPhase;
			buildActionMask = 2147483647;
			files = (
			);
			runOnlyForDeploymentPostprocessing = 0;
		};
		A87155382D9FC9EC005FA72A /* Frameworks */ = {
			isa = PBXFrameworksBuildPhase;
			buildActionMask = 2147483647;
			files = (
			);
			runOnlyForDeploymentPostprocessing = 0;
		};
		A87B81B82EA7C9950078A023 /* Frameworks */ = {
			isa = PBXFrameworksBuildPhase;
			buildActionMask = 2147483647;
			files = (
				A87B81BE2EA7C9950078A023 /* UniformTypeIdentifiers.framework in Frameworks */,
			);
			runOnlyForDeploymentPostprocessing = 0;
		};
		A87B81D02EA7C9A30078A023 /* Frameworks */ = {
			isa = PBXFrameworksBuildPhase;
			buildActionMask = 2147483647;
			files = (
			);
			runOnlyForDeploymentPostprocessing = 0;
		};
/* End PBXFrameworksBuildPhase section */

/* Begin PBXGroup section */
		A87155182D9FC9EA005FA72A = {
			isa = PBXGroup;
			children = (
				A87155232D9FC9EA005FA72A /* matchanote-app */,
				A87155342D9FC9EC005FA72A /* matchanote-appTests */,
				A871553E2D9FC9EC005FA72A /* matchanote-appUITests */,
				A87B81BC2EA7C9950078A023 /* Frameworks */,
				A87155222D9FC9EA005FA72A /* Products */,
			);
			sourceTree = "<group>";
		};
		A87155222D9FC9EA005FA72A /* Products */ = {
			isa = PBXGroup;
			children = (
				A87155212D9FC9EA005FA72A /* Matcha.app */,
				A87155312D9FC9EC005FA72A /* matchanote-appTests.xctest */,
				A871553B2D9FC9EC005FA72A /* matchanote-appUITests.xctest */,
				A87B81BB2EA7C9950078A023 /* MatchanoteActionExtension.appex */,
				A87B81D32EA7C9A30078A023 /* MatchanoteShareExtension.appex */,
			);
			name = Products;
			sourceTree = "<group>";
		};
		A87B81BC2EA7C9950078A023 /* Frameworks */ = {
			isa = PBXGroup;
			children = (
				A87B81BD2EA7C9950078A023 /* UniformTypeIdentifiers.framework */,
			);
			name = Frameworks;
			sourceTree = "<group>";
		};
/* End PBXGroup section */

/* Begin PBXNativeTarget section */
		A87155202D9FC9EA005FA72A /* matchanote-app */ = {
			isa = PBXNativeTarget;
			buildConfigurationList = A87155452D9FC9EC005FA72A /* Build configuration list for PBXNativeTarget "matchanote-app" */;
			buildPhases = (
				A871551D2D9FC9EA005FA72A /* Sources */,
				A871551E2D9FC9EA005FA72A /* Frameworks */,
				A871551F2D9FC9EA005FA72A /* Resources */,
				A87B81CA2EA7C9950078A023 /* Embed Foundation Extensions */,
			);
			buildRules = (
			);
			dependencies = (
				A87B81C82EA7C9950078A023 /* PBXTargetDependency */,
				A87B81DC2EA7C9A30078A023 /* PBXTargetDependency */,
			);
			fileSystemSynchronizedGroups = (
				A87155232D9FC9EA005FA72A /* matchanote-app */,
			);
			name = "matchanote-app";
			packageProductDependencies = (
				A82C619D2DA59F290091B96C /* Auth */,
				A82C619F2DA59F290091B96C /* Functions */,
				A82C61A12DA59F290091B96C /* PostgREST */,
				A82C61A32DA59F290091B96C /* Realtime */,
				A82C61A52DA59F290091B96C /* Storage */,
				A82C61A72DA59F290091B96C /* Supabase */,
			);
			productName = "matchanote-app";
			productReference = A87155212D9FC9EA005FA72A /* Matcha.app */;
			productType = "com.apple.product-type.application";
		};
		A87155302D9FC9EC005FA72A /* matchanote-appTests */ = {
			isa = PBXNativeTarget;
			buildConfigurationList = A87155482D9FC9EC005FA72A /* Build configuration list for PBXNativeTarget "matchanote-appTests" */;
			buildPhases = (
				A871552D2D9FC9EC005FA72A /* Sources */,
				A871552E2D9FC9EC005FA72A /* Frameworks */,
				A871552F2D9FC9EC005FA72A /* Resources */,
			);
			buildRules = (
			);
			dependencies = (
				A87155332D9FC9EC005FA72A /* PBXTargetDependency */,
			);
			fileSystemSynchronizedGroups = (
				A87155342D9FC9EC005FA72A /* matchanote-appTests */,
			);
			name = "matchanote-appTests";
			packageProductDependencies = (
			);
			productName = "matchanote-appTests";
			productReference = A87155312D9FC9EC005FA72A /* matchanote-appTests.xctest */;
			productType = "com.apple.product-type.bundle.unit-test";
		};
		A871553A2D9FC9EC005FA72A /* matchanote-appUITests */ = {
			isa = PBXNativeTarget;
			buildConfigurationList = A871554B2D9FC9EC005FA72A /* Build configuration list for PBXNativeTarget "matchanote-appUITests" */;
			buildPhases = (
				A87155372D9FC9EC005FA72A /* Sources */,
				A87155382D9FC9EC005FA72A /* Frameworks */,
				A87155392D9FC9EC005FA72A /* Resources */,
			);
			buildRules = (
			);
			dependencies = (
				A871553D2D9FC9EC005FA72A /* PBXTargetDependency */,
			);
			fileSystemSynchronizedGroups = (
				A871553E2D9FC9EC005FA72A /* matchanote-appUITests */,
			);
			name = "matchanote-appUITests";
			packageProductDependencies = (
			);
			productName = "matchanote-appUITests";
			productReference = A871553B2D9FC9EC005FA72A /* matchanote-appUITests.xctest */;
			productType = "com.apple.product-type.bundle.ui-testing";
		};
		A87B81BA2EA7C9950078A023 /* MatchanoteActionExtension */ = {
			isa = PBXNativeTarget;
			buildConfigurationList = A87B81CD2EA7C9950078A023 /* Build configuration list for PBXNativeTarget "MatchanoteActionExtension" */;
			buildPhases = (
				A87B81B72EA7C9950078A023 /* Sources */,
				A87B81B82EA7C9950078A023 /* Frameworks */,
				A87B81B92EA7C9950078A023 /* Resources */,
			);
			buildRules = (
			);
			dependencies = (
			);
			name = MatchanoteActionExtension;
			packageProductDependencies = (
			);
			productName = MatchanoteActionExtension;
			productReference = A87B81BB2EA7C9950078A023 /* MatchanoteActionExtension.appex */;
			productType = "com.apple.product-type.app-extension";
		};
		A87B81D22EA7C9A30078A023 /* MatchanoteShareExtension */ = {
			isa = PBXNativeTarget;
			buildConfigurationList = A87B81DE2EA7C9A30078A023 /* Build configuration list for PBXNativeTarget "MatchanoteShareExtension" */;
			buildPhases = (
				A87B81CF2EA7C9A30078A023 /* Sources */,
				A87B81D02EA7C9A30078A023 /* Frameworks */,
				A87B81D12EA7C9A30078A023 /* Resources */,
			);
			buildRules = (
			);
			dependencies = (
			);
			name = MatchanoteShareExtension;
			packageProductDependencies = (
			);
			productName = MatchanoteShareExtension;
			productReference = A87B81D32EA7C9A30078A023 /* MatchanoteShareExtension.appex */;
			productType = "com.apple.product-type.app-extension";
		};
/* End PBXNativeTarget section */

/* Begin PBXProject section */
		A87155192D9FC9EA005FA72A /* Project object */ = {
			isa = PBXProject;
			attributes = {
				BuildIndependentTargetsInParallel = 1;
				LastSwiftUpdateCheck = 1620;
				LastUpgradeCheck = 1620;
				TargetAttributes = {
					A87155202D9FC9EA005FA72A = {
						CreatedOnToolsVersion = 16.2;
					};
					A87155302D9FC9EC005FA72A = {
						CreatedOnToolsVersion = 16.2;
						TestTargetID = A87155202D9FC9EA005FA72A;
					};
					A871553A2D9FC9EC005FA72A = {
						CreatedOnToolsVersion = 16.2;
						TestTargetID = A87155202D9FC9EA005FA72A;
					};
					A87B81BA2EA7C9950078A023 = {
						CreatedOnToolsVersion = 16.2;
					};
					A87B81D22EA7C9A30078A023 = {
						CreatedOnToolsVersion = 16.2;
					};
				};
			};
			buildConfigurationList = A871551C2D9FC9EA005FA72A /* Build configuration list for PBXProject "matchanote-app" */;
			developmentRegion = en;
			hasScannedForEncodings = 0;
			knownRegions = (
				en,
				Base,
			);
			mainGroup = A87155182D9FC9EA005FA72A;
			minimizedProjectReferenceProxies = 1;
			packageReferences = (
				A86451AD2DA59CA900C20088 /* XCRemoteSwiftPackageReference "supabase-swift" */,
			);
			preferredProjectObjectVersion = 77;
			productRefGroup = A87155222D9FC9EA005FA72A /* Products */;
			projectDirPath = "";
			projectRoot = "";
			targets = (
				A87155202D9FC9EA005FA72A /* matchanote-app */,
				A87155302D9FC9EC005FA72A /* matchanote-appTests */,
				A871553A2D9FC9EC005FA72A /* matchanote-appUITests */,
				A87B81BA2EA7C9950078A023 /* MatchanoteActionExtension */,
				A87B81D22EA7C9A30078A023 /* MatchanoteShareExtension */,
			);
		};
/* End PBXProject section */

/* Begin PBXResourcesBuildPhase section */
		A871551F2D9FC9EA005FA72A /* Resources */ = {
			isa = PBXResourcesBuildPhase;
			buildActionMask = 2147483647;
			files = (
			);
			runOnlyForDeploymentPostprocessing = 0;
		};
		A871552F2D9FC9EC005FA72A /* Resources */ = {
			isa = PBXResourcesBuildPhase;
			buildActionMask = 2147483647;
			files = (
			);
			runOnlyForDeploymentPostprocessing = 0;
		};
		A87155392D9FC9EC005FA72A /* Resources */ = {
			isa = PBXResourcesBuildPhase;
			buildActionMask = 2147483647;
			files = (
			);
			runOnlyForDeploymentPostprocessing = 0;
		};
		A87B81B92EA7C9950078A023 /* Resources */ = {
			isa = PBXResourcesBuildPhase;
			buildActionMask = 2147483647;
			files = (
			);
			runOnlyForDeploymentPostprocessing = 0;
		};
		A87B81D12EA7C9A30078A023 /* Resources */ = {
			isa = PBXResourcesBuildPhase;
			buildActionMask = 2147483647;
			files = (
			);
			runOnlyForDeploymentPostprocessing = 0;
		};
/* End PBXResourcesBuildPhase section */

/* Begin PBXSourcesBuildPhase section */
		A871551D2D9FC9EA005FA72A /* Sources */ = {
			isa = PBXSourcesBuildPhase;
			buildActionMask = 2147483647;
			files = (
			);
			runOnlyForDeploymentPostprocessing = 0;
		};
		A871552D2D9FC9EC005FA72A /* Sources */ = {
			isa = PBXSourcesBuildPhase;
			buildActionMask = 2147483647;
			files = (
			);
			runOnlyForDeploymentPostprocessing = 0;
		};
		A87155372D9FC9EC005FA72A /* Sources */ = {
			isa = PBXSourcesBuildPhase;
			buildActionMask = 2147483647;
			files = (
			);
			runOnlyForDeploymentPostprocessing = 0;
		};
		A87B81B72EA7C9950078A023 /* Sources */ = {
			isa = PBXSourcesBuildPhase;
			buildActionMask = 2147483647;
			files = (
			);
			runOnlyForDeploymentPostprocessing = 0;
		};
		A87B81CF2EA7C9A30078A023 /* Sources */ = {
			isa = PBXSourcesBuildPhase;
			buildActionMask = 2147483647;
			files = (
			);
			runOnlyForDeploymentPostprocessing = 0;
		};
/* End PBXSourcesBuildPhase section */

/* Begin PBXTargetDependency section */
		A87155332D9FC9EC005FA72A /* PBXTargetDependency */ = {
			isa = PBXTargetDependency;
			target = A87155202D9FC9EA005FA72A /* matchanote-app */;
			targetProxy = A87155322D9FC9EC005FA72A /* PBXContainerItemProxy */;
		};
		A871553D2D9FC9EC005FA72A /* PBXTargetDependency */ = {
			isa = PBXTargetDependency;
			target = A87155202D9FC9EA005FA72A /* matchanote-app */;
			targetProxy = A871553C2D9FC9EC005FA72A /* PBXContainerItemProxy */;
		};
		A87B81C82EA7C9950078A023 /* PBXTargetDependency */ = {
			isa = PBXTargetDependency;
			target = A87B81BA2EA7C9950078A023 /* MatchanoteActionExtension */;
			targetProxy = A87B81C72EA7C9950078A023 /* PBXContainerItemProxy */;
		};
		A87B81DC2EA7C9A30078A023 /* PBXTargetDependency */ = {
			isa = PBXTargetDependency;
			target = A87B81D22EA7C9A30078A023 /* MatchanoteShareExtension */;
			targetProxy = A87B81DB2EA7C9A30078A023 /* PBXContainerItemProxy */;
		};
/* End PBXTargetDependency section */

/* Begin XCBuildConfiguration section */
		A87155432D9FC9EC005FA72A /* Debug */ = {
			isa = XCBuildConfiguration;
			buildSettings = {
				ALWAYS_SEARCH_USER_PATHS = NO;
				ASSETCATALOG_COMPILER_GENERATE_SWIFT_ASSET_SYMBOL_EXTENSIONS = YES;
				CLANG_ANALYZER_NONNULL = YES;
				CLANG_ANALYZER_NUMBER_OBJECT_CONVERSION = YES_AGGRESSIVE;
				CLANG_CXX_LANGUAGE_STANDARD = "gnu++20";
				CLANG_ENABLE_MODULES = YES;
				CLANG_ENABLE_OBJC_ARC = YES;
				CLANG_ENABLE_OBJC_WEAK = YES;
				CLANG_WARN_BLOCK_CAPTURE_AUTORELEASING = YES;
				CLANG_WARN_BOOL_CONVERSION = YES;
				CLANG_WARN_COMMA = YES;
				CLANG_WARN_CONSTANT_CONVERSION = YES;
				CLANG_WARN_DEPRECATED_OBJC_IMPLEMENTATIONS = YES;
				CLANG_WARN_DIRECT_OBJC_ISA_USAGE = YES_ERROR;
				CLANG_WARN_DOCUMENTATION_COMMENTS = YES;
				CLANG_WARN_EMPTY_BODY = YES;
				CLANG_WARN_ENUM_CONVERSION = YES;
				CLANG_WARN_INFINITE_RECURSION = YES;
				CLANG_WARN_INT_CONVERSION = YES;
				CLANG_WARN_NON_LITERAL_NULL_CONVERSION = YES;
				CLANG_WARN_OBJC_IMPLICIT_RETAIN_SELF = YES;
				CLANG_WARN_OBJC_LITERAL_CONVERSION = YES;
				CLANG_WARN_OBJC_ROOT_CLASS = YES_ERROR;
				CLANG_WARN_QUOTED_INCLUDE_IN_FRAMEWORK_HEADER = YES;
				CLANG_WARN_RANGE_LOOP_ANALYSIS = YES;
				CLANG_WARN_STRICT_PROTOTYPES = YES;
				CLANG_WARN_SUSPICIOUS_MOVE = YES;
				CLANG_WARN_UNGUARDED_AVAILABILITY = YES_AGGRESSIVE;
				CLANG_WARN_UNREACHABLE_CODE = YES;
				CLANG_WARN__DUPLICATE_METHOD_MATCH = YES;
				COPY_PHASE_STRIP = NO;
				DEBUG_INFORMATION_FORMAT = dwarf;
				ENABLE_STRICT_OBJC_MSGSEND = YES;
				ENABLE_TESTABILITY = YES;
				ENABLE_USER_SCRIPT_SANDBOXING = YES;
				GCC_C_LANGUAGE_STANDARD = gnu17;
				GCC_DYNAMIC_NO_PIC = NO;
				GCC_NO_COMMON_BLOCKS = YES;
				GCC_OPTIMIZATION_LEVEL = 0;
				GCC_PREPROCESSOR_DEFINITIONS = (
					"DEBUG=1",
					"$(inherited)",
				);
				GCC_WARN_64_TO_32_BIT_CONVERSION = YES;
				GCC_WARN_ABOUT_RETURN_TYPE = YES_ERROR;
				GCC_WARN_UNDECLARED_SELECTOR = YES;
				GCC_WARN_UNINITIALIZED_AUTOS = YES_AGGRESSIVE;
				GCC_WARN_UNUSED_FUNCTION = YES;
				GCC_WARN_UNUSED_VARIABLE = YES;
				IPHONEOS_DEPLOYMENT_TARGET = 18.2;
				LOCALIZATION_PREFERS_STRING_CATALOGS = YES;
				MTL_ENABLE_DEBUG_INFO = INCLUDE_SOURCE;
				MTL_FAST_MATH = YES;
				ONLY_ACTIVE_ARCH = YES;
				SDKROOT = iphoneos;
				SWIFT_ACTIVE_COMPILATION_CONDITIONS = "DEBUG $(inherited)";
				SWIFT_OPTIMIZATION_LEVEL = "-Onone";
			};
			name = Debug;
		};
		A87155442D9FC9EC005FA72A /* Release */ = {
			isa = XCBuildConfiguration;
			buildSettings = {
				ALWAYS_SEARCH_USER_PATHS = NO;
				ASSETCATALOG_COMPILER_GENERATE_SWIFT_ASSET_SYMBOL_EXTENSIONS = YES;
				CLANG_ANALYZER_NONNULL = YES;
				CLANG_ANALYZER_NUMBER_OBJECT_CONVERSION = YES_AGGRESSIVE;
				CLANG_CXX_LANGUAGE_STANDARD = "gnu++20";
				CLANG_ENABLE_MODULES = YES;
				CLANG_ENABLE_OBJC_ARC = YES;
				CLANG_ENABLE_OBJC_WEAK = YES;
				CLANG_WARN_BLOCK_CAPTURE_AUTORELEASING = YES;
				CLANG_WARN_BOOL_CONVERSION = YES;
				CLANG_WARN_COMMA = YES;
				CLANG_WARN_CONSTANT_CONVERSION = YES;
				CLANG_WARN_DEPRECATED_OBJC_IMPLEMENTATIONS = YES;
				CLANG_WARN_DIRECT_OBJC_ISA_USAGE = YES_ERROR;
				CLANG_WARN_DOCUMENTATION_COMMENTS = YES;
				CLANG_WARN_EMPTY_BODY = YES;
				CLANG_WARN_ENUM_CONVERSION = YES;
				CLANG_WARN_INFINITE_RECURSION = YES;
				CLANG_WARN_INT_CONVERSION = YES;
				CLANG_WARN_NON_LITERAL_NULL_CONVERSION = YES;
				CLANG_WARN_OBJC_IMPLICIT_RETAIN_SELF = YES;
				CLANG_WARN_OBJC_LITERAL_CONVERSION = YES;
				CLANG_WARN_OBJC_ROOT_CLASS = YES_ERROR;
				CLANG_WARN_QUOTED_INCLUDE_IN_FRAMEWORK_HEADER = YES;
				CLANG_WARN_RANGE_LOOP_ANALYSIS = YES;
				CLANG_WARN_STRICT_PROTOTYPES = YES;
				CLANG_WARN_SUSPICIOUS_MOVE = YES;
				CLANG_WARN_UNGUARDED_AVAILABILITY = YES_AGGRESSIVE;
				CLANG_WARN_UNREACHABLE_CODE = YES;
				CLANG_WARN__DUPLICATE_METHOD_MATCH = YES;
				COPY_PHASE_STRIP = NO;
				DEBUG_INFORMATION_FORMAT = "dwarf-with-dsym";
				ENABLE_NS_ASSERTIONS = NO;
				ENABLE_STRICT_OBJC_MSGSEND = YES;
				ENABLE_USER_SCRIPT_SANDBOXING = YES;
				GCC_C_LANGUAGE_STANDARD = gnu17;
				GCC_NO_COMMON_BLOCKS = YES;
				GCC_WARN_64_TO_32_BIT_CONVERSION = YES;
				GCC_WARN_ABOUT_RETURN_TYPE = YES_ERROR;
				GCC_WARN_UNDECLARED_SELECTOR = YES;
				GCC_WARN_UNINITIALIZED_AUTOS = YES_AGGRESSIVE;
				GCC_WARN_UNUSED_FUNCTION = YES;
				GCC_WARN_UNUSED_VARIABLE = YES;
				IPHONEOS_DEPLOYMENT_TARGET = 18.2;
				LOCALIZATION_PREFERS_STRING_CATALOGS = YES;
				MTL_ENABLE_DEBUG_INFO = NO;
				MTL_FAST_MATH = YES;
				SDKROOT = iphoneos;
				SWIFT_COMPILATION_MODE = wholemodule;
				VALIDATE_PRODUCT = YES;
			};
			name = Release;
		};
		A87155462D9FC9EC005FA72A /* Debug */ = {
			isa = XCBuildConfiguration;
			buildSettings = {
				APP_BUILD = 2;
				APP_VERSION = 1.01;
				ASSETCATALOG_COMPILER_APPICON_NAME = AppIcon;
				ASSETCATALOG_COMPILER_GLOBAL_ACCENT_COLOR_NAME = AccentColor;
				CODE_SIGN_IDENTITY = "Apple Development";
				CODE_SIGN_STYLE = Automatic;
				CURRENT_PROJECT_VERSION = 1.01;
				DEVELOPMENT_ASSET_PATHS = "\"matchanote-app/Preview Content\"";
				DEVELOPMENT_TEAM = K8YH7D6KN9;
				ENABLE_PREVIEWS = YES;
				GENERATE_INFOPLIST_FILE = YES;
				INFOPLIST_FILE = "matchanote-app/Info.plist";
				INFOPLIST_KEY_CFBundleDisplayName = Matcha;
				INFOPLIST_KEY_LSApplicationCategoryType = "public.app-category.productivity";
				INFOPLIST_KEY_UIApplicationSceneManifest_Generation = YES;
				INFOPLIST_KEY_UIApplicationSupportsIndirectInputEvents = YES;
				INFOPLIST_KEY_UISupportedInterfaceOrientations_iPad = "UIInterfaceOrientationPortrait UIInterfaceOrientationPortraitUpsideDown UIInterfaceOrientationLandscapeLeft UIInterfaceOrientationLandscapeRight";
				INFOPLIST_KEY_UISupportedInterfaceOrientations_iPhone = "UIInterfaceOrientationPortrait UIInterfaceOrientationLandscapeLeft UIInterfaceOrientationLandscapeRight";
				LD_RUNPATH_SEARCH_PATHS = (
					"$(inherited)",
					"@executable_path/Frameworks",
				);
				MARKETING_VERSION = 1.01;
				PRODUCT_BUNDLE_IDENTIFIER = com.matchanote.mobile;
				PRODUCT_NAME = Matcha;
				PROVISIONING_PROFILE_SPECIFIER = "";
				SUPPORTED_PLATFORMS = "iphoneos iphonesimulator";
				SUPPORTS_MACCATALYST = NO;
				SUPPORTS_MAC_DESIGNED_FOR_IPHONE_IPAD = NO;
				SUPPORTS_XR_DESIGNED_FOR_IPHONE_IPAD = NO;
				SWIFT_EMIT_LOC_STRINGS = YES;
				SWIFT_VERSION = 5.0;
				TARGETED_DEVICE_FAMILY = 2;
			};
			name = Debug;
		};
		A87155472D9FC9EC005FA72A /* Release */ = {
			isa = XCBuildConfiguration;
			buildSettings = {
				APP_BUILD = 2;
				APP_VERSION = 1.01;
				ASSETCATALOG_COMPILER_APPICON_NAME = AppIcon;
				ASSETCATALOG_COMPILER_GLOBAL_ACCENT_COLOR_NAME = AccentColor;
				CODE_SIGN_IDENTITY = "Apple Development";
				CODE_SIGN_STYLE = Automatic;
				CURRENT_PROJECT_VERSION = 1.01;
				DEVELOPMENT_ASSET_PATHS = "\"matchanote-app/Preview Content\"";
				DEVELOPMENT_TEAM = K8YH7D6KN9;
				ENABLE_PREVIEWS = YES;
				GENERATE_INFOPLIST_FILE = YES;
				INFOPLIST_FILE = "matchanote-app/Info.plist";
				INFOPLIST_KEY_CFBundleDisplayName = Matcha;
				INFOPLIST_KEY_LSApplicationCategoryType = "public.app-category.productivity";
				INFOPLIST_KEY_UIApplicationSceneManifest_Generation = YES;
				INFOPLIST_KEY_UIApplicationSupportsIndirectInputEvents = YES;
				INFOPLIST_KEY_UISupportedInterfaceOrientations_iPad = "UIInterfaceOrientationPortrait UIInterfaceOrientationPortraitUpsideDown UIInterfaceOrientationLandscapeLeft UIInterfaceOrientationLandscapeRight";
				INFOPLIST_KEY_UISupportedInterfaceOrientations_iPhone = "UIInterfaceOrientationPortrait UIInterfaceOrientationLandscapeLeft UIInterfaceOrientationLandscapeRight";
				LD_RUNPATH_SEARCH_PATHS = (
					"$(inherited)",
					"@executable_path/Frameworks",
				);
				MARKETING_VERSION = 1.01;
				PRODUCT_BUNDLE_IDENTIFIER = com.matchanote.mobile;
				PRODUCT_NAME = Matcha;
				PROVISIONING_PROFILE_SPECIFIER = "";
				SUPPORTED_PLATFORMS = "iphoneos iphonesimulator";
				SUPPORTS_MACCATALYST = NO;
				SUPPORTS_MAC_DESIGNED_FOR_IPHONE_IPAD = NO;
				SUPPORTS_XR_DESIGNED_FOR_IPHONE_IPAD = NO;
				SWIFT_EMIT_LOC_STRINGS = YES;
				SWIFT_VERSION = 5.0;
				TARGETED_DEVICE_FAMILY = 2;
			};
			name = Release;
		};
		A87155492D9FC9EC005FA72A /* Debug */ = {
			isa = XCBuildConfiguration;
			buildSettings = {
				BUNDLE_LOADER = "$(TEST_HOST)";
				CODE_SIGN_STYLE = Automatic;
				CURRENT_PROJECT_VERSION = 1;
				DEVELOPMENT_TEAM = K8YH7D6KN9;
				GENERATE_INFOPLIST_FILE = YES;
				IPHONEOS_DEPLOYMENT_TARGET = 18.2;
				MARKETING_VERSION = 1.01;
				PRODUCT_BUNDLE_IDENTIFIER = "com.matchanote-appTests";
				PRODUCT_NAME = "$(TARGET_NAME)";
				SWIFT_EMIT_LOC_STRINGS = NO;
				SWIFT_VERSION = 5.0;
				TARGETED_DEVICE_FAMILY = "1,2";
				TEST_HOST = "$(BUILT_PRODUCTS_DIR)/matchanote-app.app/$(BUNDLE_EXECUTABLE_FOLDER_PATH)/matchanote-app";
			};
			name = Debug;
		};
		A871554A2D9FC9EC005FA72A /* Release */ = {
			isa = XCBuildConfiguration;
			buildSettings = {
				BUNDLE_LOADER = "$(TEST_HOST)";
				CODE_SIGN_STYLE = Automatic;
				CURRENT_PROJECT_VERSION = 1;
				DEVELOPMENT_TEAM = K8YH7D6KN9;
				GENERATE_INFOPLIST_FILE = YES;
				IPHONEOS_DEPLOYMENT_TARGET = 18.2;
				MARKETING_VERSION = 1.01;
				PRODUCT_BUNDLE_IDENTIFIER = "com.matchanote-appTests";
				PRODUCT_NAME = "$(TARGET_NAME)";
				SWIFT_EMIT_LOC_STRINGS = NO;
				SWIFT_VERSION = 5.0;
				TARGETED_DEVICE_FAMILY = "1,2";
				TEST_HOST = "$(BUILT_PRODUCTS_DIR)/matchanote-app.app/$(BUNDLE_EXECUTABLE_FOLDER_PATH)/matchanote-app";
			};
			name = Release;
		};
		A871554C2D9FC9EC005FA72A /* Debug */ = {
			isa = XCBuildConfiguration;
			buildSettings = {
				CODE_SIGN_STYLE = Automatic;
				CURRENT_PROJECT_VERSION = 1;
				DEVELOPMENT_TEAM = K8YH7D6KN9;
				GENERATE_INFOPLIST_FILE = YES;
				MARKETING_VERSION = 1.01;
				PRODUCT_BUNDLE_IDENTIFIER = "com.matchanote-appUITests";
				PRODUCT_NAME = "$(TARGET_NAME)";
				SWIFT_EMIT_LOC_STRINGS = NO;
				SWIFT_VERSION = 5.0;
				TARGETED_DEVICE_FAMILY = "1,2";
				TEST_TARGET_NAME = "matchanote-app";
			};
			name = Debug;
		};
		A871554D2D9FC9EC005FA72A /* Release */ = {
			isa = XCBuildConfiguration;
			buildSettings = {
				CODE_SIGN_STYLE = Automatic;
				CURRENT_PROJECT_VERSION = 1;
				DEVELOPMENT_TEAM = K8YH7D6KN9;
				GENERATE_INFOPLIST_FILE = YES;
				MARKETING_VERSION = 1.01;
				PRODUCT_BUNDLE_IDENTIFIER = "com.matchanote-appUITests";
				PRODUCT_NAME = "$(TARGET_NAME)";
				SWIFT_EMIT_LOC_STRINGS = NO;
				SWIFT_VERSION = 5.0;
				TARGETED_DEVICE_FAMILY = "1,2";
				TEST_TARGET_NAME = "matchanote-app";
			};
			name = Release;
		};
		A87B81CB2EA7C9950078A023 /* Debug */ = {
			isa = XCBuildConfiguration;
			buildSettings = {
				CODE_SIGN_IDENTITY = "Apple Development";
				CODE_SIGN_STYLE = Automatic;
				CURRENT_PROJECT_VERSION = 1.01;
				DEVELOPMENT_TEAM = K8YH7D6KN9;
				GENERATE_INFOPLIST_FILE = YES;
				INFOPLIST_FILE = MatchanoteActionExtension/Info.plist;
				INFOPLIST_KEY_CFBundleDisplayName = MatchanoteActionExtension;
				INFOPLIST_KEY_NSHumanReadableCopyright = "";
				LD_RUNPATH_SEARCH_PATHS = (
					"$(inherited)",
					"@executable_path/Frameworks",
					"@executable_path/../../Frameworks",
				);
				MARKETING_VERSION = 1.01;
				PRODUCT_BUNDLE_IDENTIFIER = com.matchanote.mobile.MatchanoteActionExtension;
				PRODUCT_NAME = "$(TARGET_NAME)";
				SKIP_INSTALL = YES;
				SWIFT_EMIT_LOC_STRINGS = YES;
				SWIFT_VERSION = 5.0;
				TARGETED_DEVICE_FAMILY = "1,2";
			};
			name = Debug;
		};
		A87B81CC2EA7C9950078A023 /* Release */ = {
			isa = XCBuildConfiguration;
			buildSettings = {
				CODE_SIGN_IDENTITY = "Apple Development";
				CODE_SIGN_STYLE = Automatic;
				CURRENT_PROJECT_VERSION = 1.01;
				DEVELOPMENT_TEAM = K8YH7D6KN9;
				GENERATE_INFOPLIST_FILE = YES;
				INFOPLIST_FILE = MatchanoteActionExtension/Info.plist;
				INFOPLIST_KEY_CFBundleDisplayName = MatchanoteActionExtension;
				INFOPLIST_KEY_NSHumanReadableCopyright = "";
				LD_RUNPATH_SEARCH_PATHS = (
					"$(inherited)",
					"@executable_path/Frameworks",
					"@executable_path/../../Frameworks",
				);
				MARKETING_VERSION = 1.01;
				PRODUCT_BUNDLE_IDENTIFIER = com.matchanote.mobile.MatchanoteActionExtension;
				PRODUCT_NAME = "$(TARGET_NAME)";
				SKIP_INSTALL = YES;
				SWIFT_EMIT_LOC_STRINGS = YES;
				SWIFT_VERSION = 5.0;
				TARGETED_DEVICE_FAMILY = "1,2";
			};
			name = Release;
		};
		A87B81DF2EA7C9A30078A023 /* Debug */ = {
			isa = XCBuildConfiguration;
			buildSettings = {
				CODE_SIGN_IDENTITY = "Apple Development";
				CODE_SIGN_STYLE = Automatic;
				CURRENT_PROJECT_VERSION = 1.01;
				DEVELOPMENT_TEAM = K8YH7D6KN9;
				GENERATE_INFOPLIST_FILE = YES;
				INFOPLIST_FILE = MatchanoteShareExtension/Info.plist;
				INFOPLIST_KEY_CFBundleDisplayName = MatchanoteShareExtension;
				INFOPLIST_KEY_NSHumanReadableCopyright = "";
				LD_RUNPATH_SEARCH_PATHS = (
					"$(inherited)",
					"@executable_path/Frameworks",
					"@executable_path/../../Frameworks",
				);
				MARKETING_VERSION = 1.01;
				PRODUCT_BUNDLE_IDENTIFIER = com.matchanote.mobile.MatchanoteShareExtension;
				PRODUCT_NAME = "$(TARGET_NAME)";
				SKIP_INSTALL = YES;
				SWIFT_EMIT_LOC_STRINGS = YES;
				SWIFT_VERSION = 5.0;
				TARGETED_DEVICE_FAMILY = "1,2";
			};
			name = Debug;
		};
		A87B81E02EA7C9A30078A023 /* Release */ = {
			isa = XCBuildConfiguration;
			buildSettings = {
				CODE_SIGN_IDENTITY = "Apple Development";
				CODE_SIGN_STYLE = Automatic;
				CURRENT_PROJECT_VERSION = 1.01;
				DEVELOPMENT_TEAM = K8YH7D6KN9;
				GENERATE_INFOPLIST_FILE = YES;
				INFOPLIST_FILE = MatchanoteShareExtension/Info.plist;
				INFOPLIST_KEY_CFBundleDisplayName = MatchanoteShareExtension;
				INFOPLIST_KEY_NSHumanReadableCopyright = "";
				LD_RUNPATH_SEARCH_PATHS = (
					"$(inherited)",
					"@executable_path/Frameworks",
					"@executable_path/../../Frameworks",
				);
				MARKETING_VERSION = 1.01;
				PRODUCT_BUNDLE_IDENTIFIER = com.matchanote.mobile.MatchanoteShareExtension;
				PRODUCT_NAME = "$(TARGET_NAME)";
				SKIP_INSTALL = YES;
				SWIFT_EMIT_LOC_STRINGS = YES;
				SWIFT_VERSION = 5.0;
				TARGETED_DEVICE_FAMILY = "1,2";
			};
			name = Release;
		};
/* End XCBuildConfiguration section */

/* Begin XCConfigurationList section */
		A871551C2D9FC9EA005FA72A /* Build configuration list for PBXProject "matchanote-app" */ = {
			isa = XCConfigurationList;
			buildConfigurations = (
				A87155432D9FC9EC005FA72A /* Debug */,
				A87155442D9FC9EC005FA72A /* Release */,
			);
			defaultConfigurationIsVisible = 0;
			defaultConfigurationName = Release;
		};
		A87155452D9FC9EC005FA72A /* Build configuration list for PBXNativeTarget "matchanote-app" */ = {
			isa = XCConfigurationList;
			buildConfigurations = (
				A87155462D9FC9EC005FA72A /* Debug */,
				A87155472D9FC9EC005FA72A /* Release */,
			);
			defaultConfigurationIsVisible = 0;
			defaultConfigurationName = Release;
		};
		A87155482D9FC9EC005FA72A /* Build configuration list for PBXNativeTarget "matchanote-appTests" */ = {
			isa = XCConfigurationList;
			buildConfigurations = (
				A87155492D9FC9EC005FA72A /* Debug */,
				A871554A2D9FC9EC005FA72A /* Release */,
			);
			defaultConfigurationIsVisible = 0;
			defaultConfigurationName = Release;
		};
		A871554B2D9FC9EC005FA72A /* Build configuration list for PBXNativeTarget "matchanote-appUITests" */ = {
			isa = XCConfigurationList;
			buildConfigurations = (
				A871554C2D9FC9EC005FA72A /* Debug */,
				A871554D2D9FC9EC005FA72A /* Release */,
			);
			defaultConfigurationIsVisible = 0;
			defaultConfigurationName = Release;
		};
		A87B81CD2EA7C9950078A023 /* Build configuration list for PBXNativeTarget "MatchanoteActionExtension" */ = {
			isa = XCConfigurationList;
			buildConfigurations = (
				A87B81CB2EA7C9950078A023 /* Debug */,
				A87B81CC2EA7C9950078A023 /* Release */,
			);
			defaultConfigurationIsVisible = 0;
			defaultConfigurationName = Release;
		};
		A87B81DE2EA7C9A30078A023 /* Build configuration list for PBXNativeTarget "MatchanoteShareExtension" */ = {
			isa = XCConfigurationList;
			buildConfigurations = (
				A87B81DF2EA7C9A30078A023 /* Debug */,
				A87B81E02EA7C9A30078A023 /* Release */,
			);
			defaultConfigurationIsVisible = 0;
			defaultConfigurationName = Release;
		};
/* End XCConfigurationList section */

/* Begin XCRemoteSwiftPackageReference section */
		A86451AD2DA59CA900C20088 /* XCRemoteSwiftPackageReference "supabase-swift" */ = {
			isa = XCRemoteSwiftPackageReference;
			repositoryURL = "https://github.com/supabase/supabase-swift.git";
			requirement = {
				kind = upToNextMajorVersion;
				minimumVersion = 2.5.1;
			};
		};
/* End XCRemoteSwiftPackageReference section */

/* Begin XCSwiftPackageProductDependency section */
		A82C619D2DA59F290091B96C /* Auth */ = {
			isa = XCSwiftPackageProductDependency;
			package = A86451AD2DA59CA900C20088 /* XCRemoteSwiftPackageReference "supabase-swift" */;
			productName = Auth;
		};
		A82C619F2DA59F290091B96C /* Functions */ = {
			isa = XCSwiftPackageProductDependency;
			package = A86451AD2DA59CA900C20088 /* XCRemoteSwiftPackageReference "supabase-swift" */;
			productName = Functions;
		};
		A82C61A12DA59F290091B96C /* PostgREST */ = {
			isa = XCSwiftPackageProductDependency;
			package = A86451AD2DA59CA900C20088 /* XCRemoteSwiftPackageReference "supabase-swift" */;
			productName = PostgREST;
		};
		A82C61A32DA59F290091B96C /* Realtime */ = {
			isa = XCSwiftPackageProductDependency;
			package = A86451AD2DA59CA900C20088 /* XCRemoteSwiftPackageReference "supabase-swift" */;
			productName = Realtime;
		};
		A82C61A52DA59F290091B96C /* Storage */ = {
			isa = XCSwiftPackageProductDependency;
			package = A86451AD2DA59CA900C20088 /* XCRemoteSwiftPackageReference "supabase-swift" */;
			productName = Storage;
		};
		A82C61A72DA59F290091B96C /* Supabase */ = {
			isa = XCSwiftPackageProductDependency;
			package = A86451AD2DA59CA900C20088 /* XCRemoteSwiftPackageReference "supabase-swift" */;
			productName = Supabase;
		};
/* End XCSwiftPackageProductDependency section */
	};
	rootObject = A87155192D9FC9EA005FA72A /* Project object */;
}
